
Microsoft Visual Studio Solution File, Format Version 12.00
# Visual Studio Version 16
VisualStudioVersion = 16.0.30523.141
MinimumVisualStudioVersion = 10.0.40219.1
Project("{FAE04EC0-301F-11D3-BF4B-00C04F79EFBC}") = "ScheduleLibrary", "Test\ScheduleLibrary.csproj", "{A5BC7A75-DE63-4BFE-817C-633B34AF12E1}"
EndProject
Project("{FAE04EC0-301F-11D3-BF4B-00C04F79EFBC}") = "ScheduleLibrary.Test", "ScheduleLibrary.Test\ScheduleLibrary.Test.csproj", "{54AD3A89-1FB1-4DB1-900D-6C4CFE5E5CBA}"
EndProject
Global
	GlobalSection(SolutionConfigurationPlatforms) = preSolution
		Debug|Any CPU = Debug|Any CPU
		Release|Any CPU = Release|Any CPU
	EndGlobalSection
	GlobalSection(ProjectConfigurationPlatforms) = postSolution
		{A5BC7A75-DE63-4BFE-817C-633B34AF12E1}.Debug|Any CPU.ActiveCfg = Debug|Any CPU
		{A5BC7A75-DE63-4BFE-817C-633B34AF12E1}.Debug|Any CPU.Build.0 = Debug|Any CPU
		{A5BC7A75-DE63-4BFE-817C-633B34AF12E1}.Release|Any CPU.ActiveCfg = Release|Any CPU
		{A5BC7A75-DE63-4BFE-817C-633B34AF12E1}.Release|Any CPU.Build.0 = Release|Any CPU
		{54AD3A89-1FB1-4DB1-900D-6C4CFE5E5CBA}.Debug|Any CPU.ActiveCfg = Debug|Any CPU
		{54AD3A89-1FB1-4DB1-900D-6C4CFE5E5CBA}.Debug|Any CPU.Build.0 = Debug|Any CPU
		{54AD3A89-1FB1-4DB1-900D-6C4CFE5E5CBA}.Release|Any CPU.ActiveCfg = Release|Any CPU
		{54AD3A89-1FB1-4DB1-900D-6C4CFE5E5CBA}.Release|Any CPU.Build.0 = Release|Any CPU
	EndGlobalSection
	GlobalSection(SolutionProperties) = preSolution
		HideSolutionNode = FALSE
	EndGlobalSection
	GlobalSection(ExtensibilityGlobals) = postSolution
		SolutionGuid = {027D10C0-155E-4974-A947-B5B97AB379F6}
	EndGlobalSection
EndGlobal
